// !$*UTF8*$!
{
	archiveVersion = 1;
	classes = {
	};
	objectVersion = 77;
	objects = {

/* Begin PBXBuildFile section */
		ED48CC8A2DF42DD000B9DFB4 /* TrustpilotCompanion Extension.appex in Embed Foundation Extensions */ = {isa = PBXBuildFile; fileRef = ED48CC892DF42DD000B9DFB4 /* TrustpilotCompanion Extension.appex */; settings = {ATTRIBUTES = (RemoveHeadersOnCopy, ); }; };
		ED48CCB42DF43D4900B9DFB4 /* .gitignore in Resources */ = {isa = PBXBuildFile; fileRef = ED48CCB32DF43D3D00B9DFB4 /* .gitignore */; };
/* End PBXBuildFile section */

/* Begin PBXContainerItemProxy section */
		ED48CC742DF42DD000B9DFB4 /* PBXContainerItemProxy */ = {
			isa = PBXContainerItemProxy;
			containerPortal = ED48CC4F2DF42DCF00B9DFB4 /* Project object */;
			proxyType = 1;
			remoteGlobalIDString = ED48CC562DF42DCF00B9DFB4;
			remoteInfo = TrustpilotCompanion;
		};
		ED48CC7E2DF42DD000B9DFB4 /* PBXContainerItemProxy */ = {
			isa = PBXContainerItemProxy;
			containerPortal = ED48CC4F2DF42DCF00B9DFB4 /* Project object */;
			proxyType = 1;
			remoteGlobalIDString = ED48CC562DF42DCF00B9DFB4;
			remoteInfo = TrustpilotCompanion;
		};
		ED48CC8B2DF42DD000B9DFB4 /* PBXContainerItemProxy */ = {
			isa = PBXContainerItemProxy;
			containerPortal = ED48CC4F2DF42DCF00B9DFB4 /* Project object */;
			proxyType = 1;
			remoteGlobalIDString = ED48CC882DF42DD000B9DFB4;
			remoteInfo = "TrustpilotCompanion Extension";
		};
/* End PBXContainerItemProxy section */

/* Begin PBXCopyFilesBuildPhase section */
		ED48CCA92DF42DD000B9DFB4 /* Embed Foundation Extensions */ = {
			isa = PBXCopyFilesBuildPhase;
			buildActionMask = 2147483647;
			dstPath = "";
			dstSubfolderSpec = 13;
			files = (
				ED48CC8A2DF42DD000B9DFB4 /* TrustpilotCompanion Extension.appex in Embed Foundation Extensions */,
			);
			name = "Embed Foundation Extensions";
			runOnlyForDeploymentPostprocessing = 0;
		};
/* End PBXCopyFilesBuildPhase section */

/* Begin PBXFileReference section */
		ED48CC572DF42DCF00B9DFB4 /* TrustpilotCompanion.app */ = {isa = PBXFileReference; explicitFileType = wrapper.application; includeInIndex = 0; path = TrustpilotCompanion.app; sourceTree = BUILT_PRODUCTS_DIR; };
		ED48CC732DF42DD000B9DFB4 /* TrustpilotCompanionTests.xctest */ = {isa = PBXFileReference; explicitFileType = wrapper.cfbundle; includeInIndex = 0; path = TrustpilotCompanionTests.xctest; sourceTree = BUILT_PRODUCTS_DIR; };
		ED48CC7D2DF42DD000B9DFB4 /* TrustpilotCompanionUITests.xctest */ = {isa = PBXFileReference; explicitFileType = wrapper.cfbundle; includeInIndex = 0; path = TrustpilotCompanionUITests.xctest; sourceTree = BUILT_PRODUCTS_DIR; };
		ED48CC892DF42DD000B9DFB4 /* TrustpilotCompanion Extension.appex */ = {isa = PBXFileReference; explicitFileType = "wrapper.app-extension"; includeInIndex = 0; path = "TrustpilotCompanion Extension.appex"; sourceTree = BUILT_PRODUCTS_DIR; };
		ED48CCB32DF43D3D00B9DFB4 /* .gitignore */ = {isa = PBXFileReference; lastKnownFileType = text; path = .gitignore; sourceTree = "<group>"; };
/* End PBXFileReference section */

/* Begin PBXFileSystemSynchronizedBuildFileExceptionSet section */
		ED48CCA32DF42DD000B9DFB4 /* Exceptions for "TrustpilotCompanion Extension" folder in "TrustpilotCompanion Extension" target */ = {
			isa = PBXFileSystemSynchronizedBuildFileExceptionSet;
			membershipExceptions = (
				Info.plist,
			);
			target = ED48CC882DF42DD000B9DFB4 /* TrustpilotCompanion Extension */;
		};
/* End PBXFileSystemSynchronizedBuildFileExceptionSet section */

/* Begin PBXFileSystemSynchronizedRootGroup section */
		ED48CC592DF42DCF00B9DFB4 /* TrustpilotCompanion */ = {
			isa = PBXFileSystemSynchronizedRootGroup;
			path = TrustpilotCompanion;
			sourceTree = "<group>";
		};
		ED48CC762DF42DD000B9DFB4 /* TrustpilotCompanionTests */ = {
			isa = PBXFileSystemSynchronizedRootGroup;
			path = TrustpilotCompanionTests;
			sourceTree = "<group>";
		};
		ED48CC802DF42DD000B9DFB4 /* TrustpilotCompanionUITests */ = {
			isa = PBXFileSystemSynchronizedRootGroup;
			path = TrustpilotCompanionUITests;
			sourceTree = "<group>";
		};
		ED48CC8D2DF42DD000B9DFB4 /* TrustpilotCompanion Extension */ = {
			isa = PBXFileSystemSynchronizedRootGroup;
			exceptions = (
				ED48CCA32DF42DD000B9DFB4 /* Exceptions for "TrustpilotCompanion Extension" folder in "TrustpilotCompanion Extension" target */,
			);
			explicitFolders = (
				Resources/_locales,
				Resources/images,
			);
			path = "TrustpilotCompanion Extension";
			sourceTree = "<group>";
		};
/* End PBXFileSystemSynchronizedRootGroup section */

/* Begin PBXFrameworksBuildPhase section */
		ED48CC542DF42DCF00B9DFB4 /* Frameworks */ = {
			isa = PBXFrameworksBuildPhase;
			buildActionMask = 2147483647;
			files = (
			);
			runOnlyForDeploymentPostprocessing = 0;
		};
		ED48CC702DF42DD000B9DFB4 /* Frameworks */ = {
			isa = PBXFrameworksBuildPhase;
			buildActionMask = 2147483647;
			files = (
			);
			runOnlyForDeploymentPostprocessing = 0;
		};
		ED48CC7A2DF42DD000B9DFB4 /* Frameworks */ = {
			isa = PBXFrameworksBuildPhase;
			buildActionMask = 2147483647;
			files = (
			);
			runOnlyForDeploymentPostprocessing = 0;
		};
		ED48CC862DF42DD000B9DFB4 /* Frameworks */ = {
			isa = PBXFrameworksBuildPhase;
			buildActionMask = 2147483647;
			files = (
			);
			runOnlyForDeploymentPostprocessing = 0;
		};
/* End PBXFrameworksBuildPhase section */

/* Begin PBXGroup section */
		ED48CC4E2DF42DCF00B9DFB4 = {
			isa = PBXGroup;
			children = (
				ED48CCB32DF43D3D00B9DFB4 /* .gitignore */,
				ED48CC592DF42DCF00B9DFB4 /* TrustpilotCompanion */,
				ED48CC762DF42DD000B9DFB4 /* TrustpilotCompanionTests */,
				ED48CC802DF42DD000B9DFB4 /* TrustpilotCompanionUITests */,
				ED48CC8D2DF42DD000B9DFB4 /* TrustpilotCompanion Extension */,
				ED48CC582DF42DCF00B9DFB4 /* Products */,
			);
			sourceTree = "<group>";
		};
		ED48CC582DF42DCF00B9DFB4 /* Products */ = {
			isa = PBXGroup;
			children = (
				ED48CC572DF42DCF00B9DFB4 /* TrustpilotCompanion.app */,
				ED48CC732DF42DD000B9DFB4 /* TrustpilotCompanionTests.xctest */,
				ED48CC7D2DF42DD000B9DFB4 /* TrustpilotCompanionUITests.xctest */,
				ED48CC892DF42DD000B9DFB4 /* TrustpilotCompanion Extension.appex */,
			);
			name = Products;
			sourceTree = "<group>";
		};
/* End PBXGroup section */

/* Begin PBXNativeTarget section */
		ED48CC562DF42DCF00B9DFB4 /* TrustpilotCompanion */ = {
			isa = PBXNativeTarget;
			buildConfigurationList = ED48CCAA2DF42DD000B9DFB4 /* Build configuration list for PBXNativeTarget "TrustpilotCompanion" */;
			buildPhases = (
				ED48CC532DF42DCF00B9DFB4 /* Sources */,
				ED48CC542DF42DCF00B9DFB4 /* Frameworks */,
				ED48CC552DF42DCF00B9DFB4 /* Resources */,
				ED48CCA92DF42DD000B9DFB4 /* Embed Foundation Extensions */,
			);
			buildRules = (
			);
			dependencies = (
				ED48CC8C2DF42DD000B9DFB4 /* PBXTargetDependency */,
			);
			fileSystemSynchronizedGroups = (
				ED48CC592DF42DCF00B9DFB4 /* TrustpilotCompanion */,
			);
			name = TrustpilotCompanion;
			packageProductDependencies = (
			);
			productName = TrustpilotCompanion;
			productReference = ED48CC572DF42DCF00B9DFB4 /* TrustpilotCompanion.app */;
			productType = "com.apple.product-type.application";
		};
		ED48CC722DF42DD000B9DFB4 /* TrustpilotCompanionTests */ = {
			isa = PBXNativeTarget;
			buildConfigurationList = ED48CCAD2DF42DD000B9DFB4 /* Build configuration list for PBXNativeTarget "TrustpilotCompanionTests" */;
			buildPhases = (
				ED48CC6F2DF42DD000B9DFB4 /* Sources */,
				ED48CC702DF42DD000B9DFB4 /* Frameworks */,
				ED48CC712DF42DD000B9DFB4 /* Resources */,
			);
			buildRules = (
			);
			dependencies = (
				ED48CC752DF42DD000B9DFB4 /* PBXTargetDependency */,
			);
			fileSystemSynchronizedGroups = (
				ED48CC762DF42DD000B9DFB4 /* TrustpilotCompanionTests */,
			);
			name = TrustpilotCompanionTests;
			packageProductDependencies = (
			);
			productName = TrustpilotCompanionTests;
			productReference = ED48CC732DF42DD000B9DFB4 /* TrustpilotCompanionTests.xctest */;
			productType = "com.apple.product-type.bundle.unit-test";
		};
		ED48CC7C2DF42DD000B9DFB4 /* TrustpilotCompanionUITests */ = {
			isa = PBXNativeTarget;
			buildConfigurationList = ED48CCB02DF42DD000B9DFB4 /* Build configuration list for PBXNativeTarget "TrustpilotCompanionUITests" */;
			buildPhases = (
				ED48CC792DF42DD000B9DFB4 /* Sources */,
				ED48CC7A2DF42DD000B9DFB4 /* Frameworks */,
				ED48CC7B2DF42DD000B9DFB4 /* Resources */,
			);
			buildRules = (
			);
			dependencies = (
				ED48CC7F2DF42DD000B9DFB4 /* PBXTargetDependency */,
			);
			fileSystemSynchronizedGroups = (
				ED48CC802DF42DD000B9DFB4 /* TrustpilotCompanionUITests */,
			);
			name = TrustpilotCompanionUITests;
			packageProductDependencies = (
			);
			productName = TrustpilotCompanionUITests;
			productReference = ED48CC7D2DF42DD000B9DFB4 /* TrustpilotCompanionUITests.xctest */;
			productType = "com.apple.product-type.bundle.ui-testing";
		};
		ED48CC882DF42DD000B9DFB4 /* TrustpilotCompanion Extension */ = {
			isa = PBXNativeTarget;
			buildConfigurationList = ED48CCA42DF42DD000B9DFB4 /* Build configuration list for PBXNativeTarget "TrustpilotCompanion Extension" */;
			buildPhases = (
				ED48CC852DF42DD000B9DFB4 /* Sources */,
				ED48CC862DF42DD000B9DFB4 /* Frameworks */,
				ED48CC872DF42DD000B9DFB4 /* Resources */,
			);
			buildRules = (
			);
			dependencies = (
			);
			fileSystemSynchronizedGroups = (
				ED48CC8D2DF42DD000B9DFB4 /* TrustpilotCompanion Extension */,
			);
			name = "TrustpilotCompanion Extension";
			packageProductDependencies = (
			);
			productName = "TrustpilotCompanion Extension";
			productReference = ED48CC892DF42DD000B9DFB4 /* TrustpilotCompanion Extension.appex */;
			productType = "com.apple.product-type.app-extension";
		};
/* End PBXNativeTarget section */

/* Begin PBXProject section */
		ED48CC4F2DF42DCF00B9DFB4 /* Project object */ = {
			isa = PBXProject;
			attributes = {
				BuildIndependentTargetsInParallel = 1;
				LastSwiftUpdateCheck = 1640;
				LastUpgradeCheck = 1640;
				TargetAttributes = {
					ED48CC562DF42DCF00B9DFB4 = {
						CreatedOnToolsVersion = 16.4;
					};
					ED48CC722DF42DD000B9DFB4 = {
						CreatedOnToolsVersion = 16.4;
						TestTargetID = ED48CC562DF42DCF00B9DFB4;
					};
					ED48CC7C2DF42DD000B9DFB4 = {
						CreatedOnToolsVersion = 16.4;
						TestTargetID = ED48CC562DF42DCF00B9DFB4;
					};
					ED48CC882DF42DD000B9DFB4 = {
						CreatedOnToolsVersion = 16.4;
					};
				};
			};
			buildConfigurationList = ED48CC522DF42DCF00B9DFB4 /* Build configuration list for PBXProject "TrustpilotCompanion" */;
			developmentRegion = en;
			hasScannedForEncodings = 0;
			knownRegions = (
				en,
				Base,
			);
			mainGroup = ED48CC4E2DF42DCF00B9DFB4;
			minimizedProjectReferenceProxies = 1;
			preferredProjectObjectVersion = 77;
			productRefGroup = ED48CC582DF42DCF00B9DFB4 /* Products */;
			projectDirPath = "";
			projectRoot = "";
			targets = (
				ED48CC562DF42DCF00B9DFB4 /* TrustpilotCompanion */,
				ED48CC722DF42DD000B9DFB4 /* TrustpilotCompanionTests */,
				ED48CC7C2DF42DD000B9DFB4 /* TrustpilotCompanionUITests */,
				ED48CC882DF42DD000B9DFB4 /* TrustpilotCompanion Extension */,
			);
		};
/* End PBXProject section */

/* Begin PBXResourcesBuildPhase section */
		ED48CC552DF42DCF00B9DFB4 /* Resources */ = {
			isa = PBXResourcesBuildPhase;
			buildActionMask = 2147483647;
			files = (
				ED48CCB42DF43D4900B9DFB4 /* .gitignore in Resources */,
			);
			runOnlyForDeploymentPostprocessing = 0;
		};
		ED48CC712DF42DD000B9DFB4 /* Resources */ = {
			isa = PBXResourcesBuildPhase;
			buildActionMask = 2147483647;
			files = (
			);
			runOnlyForDeploymentPostprocessing = 0;
		};
		ED48CC7B2DF42DD000B9DFB4 /* Resources */ = {
			isa = PBXResourcesBuildPhase;
			buildActionMask = 2147483647;
			files = (
			);
			runOnlyForDeploymentPostprocessing = 0;
		};
		ED48CC872DF42DD000B9DFB4 /* Resources */ = {
			isa = PBXResourcesBuildPhase;
			buildActionMask = 2147483647;
			files = (
			);
			runOnlyForDeploymentPostprocessing = 0;
		};
/* End PBXResourcesBuildPhase section */

/* Begin PBXSourcesBuildPhase section */
		ED48CC532DF42DCF00B9DFB4 /* Sources */ = {
			isa = PBXSourcesBuildPhase;
			buildActionMask = 2147483647;
			files = (
			);
			runOnlyForDeploymentPostprocessing = 0;
		};
		ED48CC6F2DF42DD000B9DFB4 /* Sources */ = {
			isa = PBXSourcesBuildPhase;
			buildActionMask = 2147483647;
			files = (
			);
			runOnlyForDeploymentPostprocessing = 0;
		};
		ED48CC792DF42DD000B9DFB4 /* Sources */ = {
			isa = PBXSourcesBuildPhase;
			buildActionMask = 2147483647;
			files = (
			);
			runOnlyForDeploymentPostprocessing = 0;
		};
		ED48CC852DF42DD000B9DFB4 /* Sources */ = {
			isa = PBXSourcesBuildPhase;
			buildActionMask = 2147483647;
			files = (
			);
			runOnlyForDeploymentPostprocessing = 0;
		};
/* End PBXSourcesBuildPhase section */

/* Begin PBXTargetDependency section */
		ED48CC752DF42DD000B9DFB4 /* PBXTargetDependency */ = {
			isa = PBXTargetDependency;
			target = ED48CC562DF42DCF00B9DFB4 /* TrustpilotCompanion */;
			targetProxy = ED48CC742DF42DD000B9DFB4 /* PBXContainerItemProxy */;
		};
		ED48CC7F2DF42DD000B9DFB4 /* PBXTargetDependency */ = {
			isa = PBXTargetDependency;
			target = ED48CC562DF42DCF00B9DFB4 /* TrustpilotCompanion */;
			targetProxy = ED48CC7E2DF42DD000B9DFB4 /* PBXContainerItemProxy */;
		};
		ED48CC8C2DF42DD000B9DFB4 /* PBXTargetDependency */ = {
			isa = PBXTargetDependency;
			target = ED48CC882DF42DD000B9DFB4 /* TrustpilotCompanion Extension */;
			targetProxy = ED48CC8B2DF42DD000B9DFB4 /* PBXContainerItemProxy */;
		};
/* End PBXTargetDependency section */

/* Begin XCBuildConfiguration section */
		ED48CCA52DF42DD000B9DFB4 /* Debug */ = {
			isa = XCBuildConfiguration;
			buildSettings = {
				CODE_SIGN_ENTITLEMENTS = "TrustpilotCompanion Extension/TrustpilotCompanion_Extension.entitlements";
				CODE_SIGN_STYLE = Automatic;
				CURRENT_PROJECT_VERSION = 1;
				DEVELOPMENT_TEAM = LX28ZHL3L6;
				ENABLE_HARDENED_RUNTIME = YES;
				GENERATE_INFOPLIST_FILE = YES;
				INFOPLIST_FILE = "TrustpilotCompanion Extension/Info.plist";
				INFOPLIST_KEY_CFBundleDisplayName = "TrustpilotCompanion Extension";
				INFOPLIST_KEY_NSHumanReadableCopyright = "";
				LD_RUNPATH_SEARCH_PATHS = (
					"$(inherited)",
					"@executable_path/../Frameworks",
					"@executable_path/../../../../Frameworks",
				);
				MACOSX_DEPLOYMENT_TARGET = 10.14;
				MARKETING_VERSION = 1.0;
				OTHER_LDFLAGS = (
					"-framework",
					SafariServices,
				);
				PRODUCT_BUNDLE_IDENTIFIER = it.italpassione.TrustpilotCompanion.Extension;
				PRODUCT_NAME = "$(TARGET_NAME)";
				SKIP_INSTALL = YES;
				SWIFT_EMIT_LOC_STRINGS = YES;
				SWIFT_VERSION = 5.0;
			};
			name = Debug;
		};
		ED48CCA62DF42DD000B9DFB4 /* Release */ = {
			isa = XCBuildConfiguration;
			buildSettings = {
				CODE_SIGN_ENTITLEMENTS = "TrustpilotCompanion Extension/TrustpilotCompanion_Extension.entitlements";
				CODE_SIGN_STYLE = Automatic;
				CURRENT_PROJECT_VERSION = 1;
				DEVELOPMENT_TEAM = LX28ZHL3L6;
				ENABLE_HARDENED_RUNTIME = YES;
				GENERATE_INFOPLIST_FILE = YES;
				INFOPLIST_FILE = "TrustpilotCompanion Extension/Info.plist";
				INFOPLIST_KEY_CFBundleDisplayName = "TrustpilotCompanion Extension";
				INFOPLIST_KEY_NSHumanReadableCopyright = "";
				LD_RUNPATH_SEARCH_PATHS = (
					"$(inherited)",
					"@executable_path/../Frameworks",
					"@executable_path/../../../../Frameworks",
				);
				MACOSX_DEPLOYMENT_TARGET = 10.14;
				MARKETING_VERSION = 1.0;
				OTHER_LDFLAGS = (
					"-framework",
					SafariServices,
				);
				PRODUCT_BUNDLE_IDENTIFIER = it.italpassione.TrustpilotCompanion.Extension;
				PRODUCT_NAME = "$(TARGET_NAME)";
				SKIP_INSTALL = YES;
				SWIFT_EMIT_LOC_STRINGS = YES;
				SWIFT_VERSION = 5.0;
			};
			name = Release;
		};
		ED48CCA72DF42DD000B9DFB4 /* Debug */ = {
			isa = XCBuildConfiguration;
			buildSettings = {
				ALWAYS_SEARCH_USER_PATHS = NO;
				ASSETCATALOG_COMPILER_GENERATE_SWIFT_ASSET_SYMBOL_EXTENSIONS = YES;
				CLANG_ANALYZER_NONNULL = YES;
				CLANG_ANALYZER_NUMBER_OBJECT_CONVERSION = YES_AGGRESSIVE;
				CLANG_CXX_LANGUAGE_STANDARD = "gnu++20";
				CLANG_ENABLE_MODULES = YES;
				CLANG_ENABLE_OBJC_ARC = YES;
				CLANG_ENABLE_OBJC_WEAK = YES;
				CLANG_WARN_BLOCK_CAPTURE_AUTORELEASING = YES;
				CLANG_WARN_BOOL_CONVERSION = YES;
				CLANG_WARN_COMMA = YES;
				CLANG_WARN_CONSTANT_CONVERSION = YES;
				CLANG_WARN_DEPRECATED_OBJC_IMPLEMENTATIONS = YES;
				CLANG_WARN_DIRECT_OBJC_ISA_USAGE = YES_ERROR;
				CLANG_WARN_DOCUMENTATION_COMMENTS = YES;
				CLANG_WARN_EMPTY_BODY = YES;
				CLANG_WARN_ENUM_CONVERSION = YES;
				CLANG_WARN_INFINITE_RECURSION = YES;
				CLANG_WARN_INT_CONVERSION = YES;
				CLANG_WARN_NON_LITERAL_NULL_CONVERSION = YES;
				CLANG_WARN_OBJC_IMPLICIT_RETAIN_SELF = YES;
				CLANG_WARN_OBJC_LITERAL_CONVERSION = YES;
				CLANG_WARN_OBJC_ROOT_CLASS = YES_ERROR;
				CLANG_WARN_QUOTED_INCLUDE_IN_FRAMEWORK_HEADER = YES;
				CLANG_WARN_RANGE_LOOP_ANALYSIS = YES;
				CLANG_WARN_STRICT_PROTOTYPES = YES;
				CLANG_WARN_SUSPICIOUS_MOVE = YES;
				CLANG_WARN_UNGUARDED_AVAILABILITY = YES_AGGRESSIVE;
				CLANG_WARN_UNREACHABLE_CODE = YES;
				CLANG_WARN__DUPLICATE_METHOD_MATCH = YES;
				COPY_PHASE_STRIP = NO;
				DEBUG_INFORMATION_FORMAT = dwarf;
				DEVELOPMENT_TEAM = LX28ZHL3L6;
				ENABLE_STRICT_OBJC_MSGSEND = YES;
				ENABLE_TESTABILITY = YES;
				ENABLE_USER_SCRIPT_SANDBOXING = YES;
				GCC_C_LANGUAGE_STANDARD = gnu17;
				GCC_DYNAMIC_NO_PIC = NO;
				GCC_NO_COMMON_BLOCKS = YES;
				GCC_OPTIMIZATION_LEVEL = 0;
				GCC_PREPROCESSOR_DEFINITIONS = (
					"DEBUG=1",
					"$(inherited)",
				);
				GCC_WARN_64_TO_32_BIT_CONVERSION = YES;
				GCC_WARN_ABOUT_RETURN_TYPE = YES_ERROR;
				GCC_WARN_UNDECLARED_SELECTOR = YES;
				GCC_WARN_UNINITIALIZED_AUTOS = YES_AGGRESSIVE;
				GCC_WARN_UNUSED_FUNCTION = YES;
				GCC_WARN_UNUSED_VARIABLE = YES;
				LOCALIZATION_PREFERS_STRING_CATALOGS = YES;
				MACOSX_DEPLOYMENT_TARGET = 15.5;
				MTL_ENABLE_DEBUG_INFO = INCLUDE_SOURCE;
				MTL_FAST_MATH = YES;
				ONLY_ACTIVE_ARCH = YES;
				SDKROOT = macosx;
				SWIFT_ACTIVE_COMPILATION_CONDITIONS = "DEBUG $(inherited)";
				SWIFT_OPTIMIZATION_LEVEL = "-Onone";
			};
			name = Debug;
		};
		ED48CCA82DF42DD000B9DFB4 /* Release */ = {
			isa = XCBuildConfiguration;
			buildSettings = {
				ALWAYS_SEARCH_USER_PATHS = NO;
				ASSETCATALOG_COMPILER_GENERATE_SWIFT_ASSET_SYMBOL_EXTENSIONS = YES;
				CLANG_ANALYZER_NONNULL = YES;
				CLANG_ANALYZER_NUMBER_OBJECT_CONVERSION = YES_AGGRESSIVE;
				CLANG_CXX_LANGUAGE_STANDARD = "gnu++20";
				CLANG_ENABLE_MODULES = YES;
				CLANG_ENABLE_OBJC_ARC = YES;
				CLANG_ENABLE_OBJC_WEAK = YES;
				CLANG_WARN_BLOCK_CAPTURE_AUTORELEASING = YES;
				CLANG_WARN_BOOL_CONVERSION = YES;
				CLANG_WARN_COMMA = YES;
				CLANG_WARN_CONSTANT_CONVERSION = YES;
				CLANG_WARN_DEPRECATED_OBJC_IMPLEMENTATIONS = YES;
				CLANG_WARN_DIRECT_OBJC_ISA_USAGE = YES_ERROR;
				CLANG_WARN_DOCUMENTATION_COMMENTS = YES;
				CLANG_WARN_EMPTY_BODY = YES;
				CLANG_WARN_ENUM_CONVERSION = YES;
				CLANG_WARN_INFINITE_RECURSION = YES;
				CLANG_WARN_INT_CONVERSION = YES;
				CLANG_WARN_NON_LITERAL_NULL_CONVERSION = YES;
				CLANG_WARN_OBJC_IMPLICIT_RETAIN_SELF = YES;
				CLANG_WARN_OBJC_LITERAL_CONVERSION = YES;
				CLANG_WARN_OBJC_ROOT_CLASS = YES_ERROR;
				CLANG_WARN_QUOTED_INCLUDE_IN_FRAMEWORK_HEADER = YES;
				CLANG_WARN_RANGE_LOOP_ANALYSIS = YES;
				CLANG_WARN_STRICT_PROTOTYPES = YES;
				CLANG_WARN_SUSPICIOUS_MOVE = YES;
				CLANG_WARN_UNGUARDED_AVAILABILITY = YES_AGGRESSIVE;
				CLANG_WARN_UNREACHABLE_CODE = YES;
				CLANG_WARN__DUPLICATE_METHOD_MATCH = YES;
				COPY_PHASE_STRIP = NO;
				DEBUG_INFORMATION_FORMAT = "dwarf-with-dsym";
				DEVELOPMENT_TEAM = LX28ZHL3L6;
				ENABLE_NS_ASSERTIONS = NO;
				ENABLE_STRICT_OBJC_MSGSEND = YES;
				ENABLE_USER_SCRIPT_SANDBOXING = YES;
				GCC_C_LANGUAGE_STANDARD = gnu17;
				GCC_NO_COMMON_BLOCKS = YES;
				GCC_WARN_64_TO_32_BIT_CONVERSION = YES;
				GCC_WARN_ABOUT_RETURN_TYPE = YES_ERROR;
				GCC_WARN_UNDECLARED_SELECTOR = YES;
				GCC_WARN_UNINITIALIZED_AUTOS = YES_AGGRESSIVE;
				GCC_WARN_UNUSED_FUNCTION = YES;
				GCC_WARN_UNUSED_VARIABLE = YES;
				LOCALIZATION_PREFERS_STRING_CATALOGS = YES;
				MACOSX_DEPLOYMENT_TARGET = 15.5;
				MTL_ENABLE_DEBUG_INFO = NO;
				MTL_FAST_MATH = YES;
				SDKROOT = macosx;
				SWIFT_COMPILATION_MODE = wholemodule;
			};
			name = Release;
		};
		ED48CCAB2DF42DD000B9DFB4 /* Debug */ = {
			isa = XCBuildConfiguration;
			buildSettings = {
				ASSETCATALOG_COMPILER_APPICON_NAME = AppIcon;
				ASSETCATALOG_COMPILER_GLOBAL_ACCENT_COLOR_NAME = AccentColor;
				CODE_SIGN_ENTITLEMENTS = TrustpilotCompanion/TrustpilotCompanion.entitlements;
				CODE_SIGN_STYLE = Automatic;
				COMBINE_HIDPI_IMAGES = YES;
				CURRENT_PROJECT_VERSION = 1;
				DEVELOPMENT_TEAM = LX28ZHL3L6;
				ENABLE_HARDENED_RUNTIME = YES;
				GENERATE_INFOPLIST_FILE = YES;
				INFOPLIST_KEY_CFBundleDisplayName = TrustpilotCompanion;
				INFOPLIST_KEY_NSHumanReadableCopyright = "";
				INFOPLIST_KEY_NSMainStoryboardFile = Main;
				INFOPLIST_KEY_NSPrincipalClass = NSApplication;
				LD_RUNPATH_SEARCH_PATHS = (
					"$(inherited)",
					"@executable_path/../Frameworks",
				);
				MACOSX_DEPLOYMENT_TARGET = 10.14;
				MARKETING_VERSION = 1.0;
				OTHER_LDFLAGS = (
					"-framework",
					SafariServices,
					"-framework",
					WebKit,
				);
				PRODUCT_BUNDLE_IDENTIFIER = it.italpassione.TrustpilotCompanion;
				PRODUCT_NAME = "$(TARGET_NAME)";
				REGISTER_APP_GROUPS = YES;
				SWIFT_EMIT_LOC_STRINGS = YES;
				SWIFT_VERSION = 5.0;
			};
			name = Debug;
		};
		ED48CCAC2DF42DD000B9DFB4 /* Release */ = {
			isa = XCBuildConfiguration;
			buildSettings = {
				ASSETCATALOG_COMPILER_APPICON_NAME = AppIcon;
				ASSETCATALOG_COMPILER_GLOBAL_ACCENT_COLOR_NAME = AccentColor;
				CODE_SIGN_ENTITLEMENTS = TrustpilotCompanion/TrustpilotCompanion.entitlements;
				CODE_SIGN_STYLE = Automatic;
				COMBINE_HIDPI_IMAGES = YES;
				CURRENT_PROJECT_VERSION = 1;
				DEVELOPMENT_TEAM = LX28ZHL3L6;
				ENABLE_HARDENED_RUNTIME = YES;
				GENERATE_INFOPLIST_FILE = YES;
				INFOPLIST_KEY_CFBundleDisplayName = TrustpilotCompanion;
				INFOPLIST_KEY_NSHumanReadableCopyright = "";
				INFOPLIST_KEY_NSMainStoryboardFile = Main;
				INFOPLIST_KEY_NSPrincipalClass = NSApplication;
				LD_RUNPATH_SEARCH_PATHS = (
					"$(inherited)",
					"@executable_path/../Frameworks",
				);
				MACOSX_DEPLOYMENT_TARGET = 10.14;
				MARKETING_VERSION = 1.0;
				OTHER_LDFLAGS = (
					"-framework",
					SafariServices,
					"-framework",
					WebKit,
				);
				PRODUCT_BUNDLE_IDENTIFIER = it.italpassione.TrustpilotCompanion;
				PRODUCT_NAME = "$(TARGET_NAME)";
				REGISTER_APP_GROUPS = YES;
				SWIFT_EMIT_LOC_STRINGS = YES;
				SWIFT_VERSION = 5.0;
			};
			name = Release;
		};
		ED48CCAE2DF42DD000B9DFB4 /* Debug */ = {
			isa = XCBuildConfiguration;
			buildSettings = {
				BUNDLE_LOADER = "$(TEST_HOST)";
				CODE_SIGN_STYLE = Automatic;
				CURRENT_PROJECT_VERSION = 1;
				DEVELOPMENT_TEAM = LX28ZHL3L6;
				GENERATE_INFOPLIST_FILE = YES;
				MACOSX_DEPLOYMENT_TARGET = 10.14;
				MARKETING_VERSION = 1.0;
				PRODUCT_BUNDLE_IDENTIFIER = it.italpassione.TrustpilotCompanionTests;
				PRODUCT_NAME = "$(TARGET_NAME)";
				SWIFT_EMIT_LOC_STRINGS = NO;
				SWIFT_VERSION = 5.0;
				TEST_HOST = "$(BUILT_PRODUCTS_DIR)/TrustpilotCompanion.app/$(BUNDLE_EXECUTABLE_FOLDER_PATH)/TrustpilotCompanion";
			};
			name = Debug;
		};
		ED48CCAF2DF42DD000B9DFB4 /* Release */ = {
			isa = XCBuildConfiguration;
			buildSettings = {
				BUNDLE_LOADER = "$(TEST_HOST)";
				CODE_SIGN_STYLE = Automatic;
				CURRENT_PROJECT_VERSION = 1;
				DEVELOPMENT_TEAM = LX28ZHL3L6;
				GENERATE_INFOPLIST_FILE = YES;
				MACOSX_DEPLOYMENT_TARGET = 10.14;
				MARKETING_VERSION = 1.0;
				PRODUCT_BUNDLE_IDENTIFIER = it.italpassione.TrustpilotCompanionTests;
				PRODUCT_NAME = "$(TARGET_NAME)";
				SWIFT_EMIT_LOC_STRINGS = NO;
				SWIFT_VERSION = 5.0;
				TEST_HOST = "$(BUILT_PRODUCTS_DIR)/TrustpilotCompanion.app/$(BUNDLE_EXECUTABLE_FOLDER_PATH)/TrustpilotCompanion";
			};
			name = Release;
		};
		ED48CCB12DF42DD000B9DFB4 /* Debug */ = {
			isa = XCBuildConfiguration;
			buildSettings = {
				CODE_SIGN_STYLE = Automatic;
				CURRENT_PROJECT_VERSION = 1;
				DEVELOPMENT_TEAM = LX28ZHL3L6;
				GENERATE_INFOPLIST_FILE = YES;
				MARKETING_VERSION = 1.0;
				PRODUCT_BUNDLE_IDENTIFIER = it.italpassione.TrustpilotCompanionUITests;
				PRODUCT_NAME = "$(TARGET_NAME)";
				SWIFT_EMIT_LOC_STRINGS = NO;
				SWIFT_VERSION = 5.0;
				TEST_TARGET_NAME = TrustpilotCompanion;
			};
			name = Debug;
		};
		ED48CCB22DF42DD000B9DFB4 /* Release */ = {
			isa = XCBuildConfiguration;
			buildSettings = {
				CODE_SIGN_STYLE = Automatic;
				CURRENT_PROJECT_VERSION = 1;
				DEVELOPMENT_TEAM = LX28ZHL3L6;
				GENERATE_INFOPLIST_FILE = YES;
				MARKETING_VERSION = 1.0;
				PRODUCT_BUNDLE_IDENTIFIER = it.italpassione.TrustpilotCompanionUITests;
				PRODUCT_NAME = "$(TARGET_NAME)";
				SWIFT_EMIT_LOC_STRINGS = NO;
				SWIFT_VERSION = 5.0;
				TEST_TARGET_NAME = TrustpilotCompanion;
			};
			name = Release;
		};
/* End XCBuildConfiguration section */

/* Begin XCConfigurationList section */
		ED48CC522DF42DCF00B9DFB4 /* Build configuration list for PBXProject "TrustpilotCompanion" */ = {
			isa = XCConfigurationList;
			buildConfigurations = (
				ED48CCA72DF42DD000B9DFB4 /* Debug */,
				ED48CCA82DF42DD000B9DFB4 /* Release */,
			);
			defaultConfigurationIsVisible = 0;
			defaultConfigurationName = Release;
		};
		ED48CCA42DF42DD000B9DFB4 /* Build configuration list for PBXNativeTarget "TrustpilotCompanion Extension" */ = {
			isa = XCConfigurationList;
			buildConfigurations = (
				ED48CCA52DF42DD000B9DFB4 /* Debug */,
				ED48CCA62DF42DD000B9DFB4 /* Release */,
			);
			defaultConfigurationIsVisible = 0;
			defaultConfigurationName = Release;
		};
		ED48CCAA2DF42DD000B9DFB4 /* Build configuration list for PBXNativeTarget "TrustpilotCompanion" */ = {
			isa = XCConfigurationList;
			buildConfigurations = (
				ED48CCAB2DF42DD000B9DFB4 /* Debug */,
				ED48CCAC2DF42DD000B9DFB4 /* Release */,
			);
			defaultConfigurationIsVisible = 0;
			defaultConfigurationName = Release;
		};
		ED48CCAD2DF42DD000B9DFB4 /* Build configuration list for PBXNativeTarget "TrustpilotCompanionTests" */ = {
			isa = XCConfigurationList;
			buildConfigurations = (
				ED48CCAE2DF42DD000B9DFB4 /* Debug */,
				ED48CCAF2DF42DD000B9DFB4 /* Release */,
			);
			defaultConfigurationIsVisible = 0;
			defaultConfigurationName = Release;
		};
		ED48CCB02DF42DD000B9DFB4 /* Build configuration list for PBXNativeTarget "TrustpilotCompanionUITests" */ = {
			isa = XCConfigurationList;
			buildConfigurations = (
				ED48CCB12DF42DD000B9DFB4 /* Debug */,
				ED48CCB22DF42DD000B9DFB4 /* Release */,
			);
			defaultConfigurationIsVisible = 0;
			defaultConfigurationName = Release;
		};
/* End XCConfigurationList section */
	};
	rootObject = ED48CC4F2DF42DCF00B9DFB4 /* Project object */;
}
